
Microsoft Visual Studio Solution File, Format Version 12.00
# Visual Studio 15
VisualStudioVersion = 15.0.28010.2036
MinimumVisualStudioVersion = 10.0.40219.1
Project("{FAE04EC0-301F-11D3-BF4B-00C04F79EFBC}") = "GlobalWarmingDataProvider", "GlobalWarmingDataProvider\GlobalWarmingDataProvider.csproj", "{EED26BEA-FE6D-4C1F-B799-9BAFD4E39901}"
EndProject
Project("{FAE04EC0-301F-11D3-BF4B-00C04F79EFBC}") = "GlobalWarmingCollector", "GlobalWarmingCollector\GlobalWarmingCollector.csproj", "{42C9AAED-6E48-42B1-860E-B464210F436A}"
EndProject
Global
	GlobalSection(SolutionConfigurationPlatforms) = preSolution
		Debug|Any CPU = Debug|Any CPU
		Release|Any CPU = Release|Any CPU
	EndGlobalSection
	GlobalSection(ProjectConfigurationPlatforms) = postSolution
		{EED26BEA-FE6D-4C1F-B799-9BAFD4E39901}.Debug|Any CPU.ActiveCfg = Debug|Any CPU
		{EED26BEA-FE6D-4C1F-B799-9BAFD4E39901}.Debug|Any CPU.Build.0 = Debug|Any CPU
		{EED26BEA-FE6D-4C1F-B799-9BAFD4E39901}.Release|Any CPU.ActiveCfg = Release|Any CPU
		{EED26BEA-FE6D-4C1F-B799-9BAFD4E39901}.Release|Any CPU.Build.0 = Release|Any CPU
		{42C9AAED-6E48-42B1-860E-B464210F436A}.Debug|Any CPU.ActiveCfg = Debug|Any CPU
		{42C9AAED-6E48-42B1-860E-B464210F436A}.Debug|Any CPU.Build.0 = Debug|Any CPU
		{42C9AAED-6E48-42B1-860E-B464210F436A}.Release|Any CPU.ActiveCfg = Release|Any CPU
		{42C9AAED-6E48-42B1-860E-B464210F436A}.Release|Any CPU.Build.0 = Release|Any CPU
	EndGlobalSection
	GlobalSection(SolutionProperties) = preSolution
		HideSolutionNode = FALSE
	EndGlobalSection
	GlobalSection(ExtensibilityGlobals) = postSolution
		SolutionGuid = {B59F48DE-8DCC-414C-903F-6E8917BED0C9}
	EndGlobalSection
EndGlobal
